
Microsoft Visual Studio Solution File, Format Version 12.00
# Visual Studio Version 16
VisualStudioVersion = 16.0.30611.23
MinimumVisualStudioVersion = 10.0.40219.1
Project("{FAE04EC0-301F-11D3-BF4B-00C04F79EFBC}") = "MyOrders", "MyOrders\MyOrders.csproj", "{D446ECDC-A5F3-444F-9B2A-0DA3512BBF59}"
EndProject
Global
	GlobalSection(SolutionConfigurationPlatforms) = preSolution
		Debug|Any CPU = Debug|Any CPU
		Release|Any CPU = Release|Any CPU
	EndGlobalSection
	GlobalSection(ProjectConfigurationPlatforms) = postSolution
		{D446ECDC-A5F3-444F-9B2A-0DA3512BBF59}.Debug|Any CPU.ActiveCfg = Debug|Any CPU
		{D446ECDC-A5F3-444F-9B2A-0DA3512BBF59}.Debug|Any CPU.Build.0 = Debug|Any CPU
		{D446ECDC-A5F3-444F-9B2A-0DA3512BBF59}.Release|Any CPU.ActiveCfg = Release|Any CPU
		{D446ECDC-A5F3-444F-9B2A-0DA3512BBF59}.Release|Any CPU.Build.0 = Release|Any CPU
	EndGlobalSection
	GlobalSection(SolutionProperties) = preSolution
		HideSolutionNode = FALSE
	EndGlobalSection
	GlobalSection(ExtensibilityGlobals) = postSolution
		SolutionGuid = {990FAD23-30A7-453F-A900-23DA05632E01}
	EndGlobalSection
EndGlobal
